
Microsoft Visual Studio Solution File, Format Version 12.00
# Visual Studio Version 16
VisualStudioVersion = 16.0.31005.135
MinimumVisualStudioVersion = 10.0.40219.1
Project("{9A19103F-16F7-4668-BE54-9A1E7A4F7556}") = "collector-forum", "collector-forum\collector-forum.csproj", "{2A6EDABC-ED1E-49D4-8814-335381D551FA}"
EndProject
Project("{FAE04EC0-301F-11D3-BF4B-00C04F79EFBC}") = "collector-forum.Service", "collector-forum.Service\collector-forum.Service.csproj", "{EE579D2A-BF7C-4E77-AFAA-73FB5974574A}"
EndProject
Project("{FAE04EC0-301F-11D3-BF4B-00C04F79EFBC}") = "collector-forum.Data", "collector-forum.Data\collector-forum.Data.csproj", "{34C33EA6-F922-423F-9F58-8B5682D2E82A}"
EndProject
Global
	GlobalSection(SolutionConfigurationPlatforms) = preSolution
		Debug|Any CPU = Debug|Any CPU
		Release|Any CPU = Release|Any CPU
	EndGlobalSection
	GlobalSection(ProjectConfigurationPlatforms) = postSolution
		{2A6EDABC-ED1E-49D4-8814-335381D551FA}.Debug|Any CPU.ActiveCfg = Debug|Any CPU
		{2A6EDABC-ED1E-49D4-8814-335381D551FA}.Debug|Any CPU.Build.0 = Debug|Any CPU
		{2A6EDABC-ED1E-49D4-8814-335381D551FA}.Release|Any CPU.ActiveCfg = Release|Any CPU
		{2A6EDABC-ED1E-49D4-8814-335381D551FA}.Release|Any CPU.Build.0 = Release|Any CPU
		{EE579D2A-BF7C-4E77-AFAA-73FB5974574A}.Debug|Any CPU.ActiveCfg = Debug|Any CPU
		{EE579D2A-BF7C-4E77-AFAA-73FB5974574A}.Debug|Any CPU.Build.0 = Debug|Any CPU
		{EE579D2A-BF7C-4E77-AFAA-73FB5974574A}.Release|Any CPU.ActiveCfg = Release|Any CPU
		{EE579D2A-BF7C-4E77-AFAA-73FB5974574A}.Release|Any CPU.Build.0 = Release|Any CPU
		{34C33EA6-F922-423F-9F58-8B5682D2E82A}.Debug|Any CPU.ActiveCfg = Debug|Any CPU
		{34C33EA6-F922-423F-9F58-8B5682D2E82A}.Debug|Any CPU.Build.0 = Debug|Any CPU
		{34C33EA6-F922-423F-9F58-8B5682D2E82A}.Release|Any CPU.ActiveCfg = Release|Any CPU
		{34C33EA6-F922-423F-9F58-8B5682D2E82A}.Release|Any CPU.Build.0 = Release|Any CPU
	EndGlobalSection
	GlobalSection(SolutionProperties) = preSolution
		HideSolutionNode = FALSE
	EndGlobalSection
	GlobalSection(ExtensibilityGlobals) = postSolution
		SolutionGuid = {FD48C39B-8860-4C9E-8F0C-228FC28F8118}
	EndGlobalSection
EndGlobal
